
Microsoft Visual Studio Solution File, Format Version 12.00
# Visual Studio Version 17
VisualStudioVersion = 17.10.35122.118
MinimumVisualStudioVersion = 10.0.40219.1
Project("{FAE04EC0-301F-11D3-BF4B-00C04F79EFBC}") = "GestionTareasPendientes", "GestionTareasPendientes.csproj", "{BA3C458C-42E0-4F7C-9B55-BE78A2CBCE86}"
EndProject
Global
	GlobalSection(SolutionConfigurationPlatforms) = preSolution
		Debug|Any CPU = Debug|Any CPU
		Release|Any CPU = Release|Any CPU
	EndGlobalSection
	GlobalSection(ProjectConfigurationPlatforms) = postSolution
		{BA3C458C-42E0-4F7C-9B55-BE78A2CBCE86}.Debug|Any CPU.ActiveCfg = Debug|Any CPU
		{BA3C458C-42E0-4F7C-9B55-BE78A2CBCE86}.Debug|Any CPU.Build.0 = Debug|Any CPU
		{BA3C458C-42E0-4F7C-9B55-BE78A2CBCE86}.Release|Any CPU.ActiveCfg = Release|Any CPU
		{BA3C458C-42E0-4F7C-9B55-BE78A2CBCE86}.Release|Any CPU.Build.0 = Release|Any CPU
	EndGlobalSection
	GlobalSection(SolutionProperties) = preSolution
		HideSolutionNode = FALSE
	EndGlobalSection
	GlobalSection(ExtensibilityGlobals) = postSolution
		SolutionGuid = {DDA9354A-7EF2-49D5-BB3F-F53C94910461}
	EndGlobalSection
EndGlobal
